
Microsoft Visual Studio Solution File, Format Version 12.00
# Visual Studio Version 16
VisualStudioVersion = 16.0.31624.102
MinimumVisualStudioVersion = 10.0.40219.1
Project("{FAE04EC0-301F-11D3-BF4B-00C04F79EFBC}") = "ATM", "ATM.csproj", "{EE3974CC-D598-4F62-AEF2-C3B00D77AB08}"
EndProject
Global
	GlobalSection(SolutionConfigurationPlatforms) = preSolution
		Debug|Any CPU = Debug|Any CPU
		Release|Any CPU = Release|Any CPU
	EndGlobalSection
	GlobalSection(ProjectConfigurationPlatforms) = postSolution
		{EE3974CC-D598-4F62-AEF2-C3B00D77AB08}.Debug|Any CPU.ActiveCfg = Debug|Any CPU
		{EE3974CC-D598-4F62-AEF2-C3B00D77AB08}.Debug|Any CPU.Build.0 = Debug|Any CPU
		{EE3974CC-D598-4F62-AEF2-C3B00D77AB08}.Release|Any CPU.ActiveCfg = Release|Any CPU
		{EE3974CC-D598-4F62-AEF2-C3B00D77AB08}.Release|Any CPU.Build.0 = Release|Any CPU
	EndGlobalSection
	GlobalSection(SolutionProperties) = preSolution
		HideSolutionNode = FALSE
	EndGlobalSection
	GlobalSection(ExtensibilityGlobals) = postSolution
		SolutionGuid = {D040F05D-5263-49AC-9B08-3573F2131D62}
	EndGlobalSection
EndGlobal
